
Microsoft Visual Studio Solution File, Format Version 12.00
# Visual Studio 15
VisualStudioVersion = 15.0.27130.2027
MinimumVisualStudioVersion = 10.0.40219.1
Project("{FAE04EC0-301F-11D3-BF4B-00C04F79EFBC}") = "OpenCoverUtility", "OpenCoverUtility\OpenCoverUtility.csproj", "{0E763288-7844-4CE2-921B-4A5993BF7AF0}"
EndProject
Project("{FAE04EC0-301F-11D3-BF4B-00C04F79EFBC}") = "LibraryTests", "LibraryTests\LibraryTests.csproj", "{8EDF4429-251A-416D-BB68-93F227191BCF}"
EndProject
Project("{FAE04EC0-301F-11D3-BF4B-00C04F79EFBC}") = "OpenCoverLibraryFramework", "OpenCoverLibraryFramework\OpenCoverLibraryFramework.csproj", "{5F440E70-3460-44D2-ACD2-9DDC32F69BCB}"
EndProject
Global
	GlobalSection(SolutionConfigurationPlatforms) = preSolution
		Debug|Any CPU = Debug|Any CPU
		Release|Any CPU = Release|Any CPU
	EndGlobalSection
	GlobalSection(ProjectConfigurationPlatforms) = postSolution
		{0E763288-7844-4CE2-921B-4A5993BF7AF0}.Debug|Any CPU.ActiveCfg = Debug|Any CPU
		{0E763288-7844-4CE2-921B-4A5993BF7AF0}.Debug|Any CPU.Build.0 = Debug|Any CPU
		{0E763288-7844-4CE2-921B-4A5993BF7AF0}.Release|Any CPU.ActiveCfg = Release|Any CPU
		{0E763288-7844-4CE2-921B-4A5993BF7AF0}.Release|Any CPU.Build.0 = Release|Any CPU
		{8EDF4429-251A-416D-BB68-93F227191BCF}.Debug|Any CPU.ActiveCfg = Debug|Any CPU
		{8EDF4429-251A-416D-BB68-93F227191BCF}.Debug|Any CPU.Build.0 = Debug|Any CPU
		{8EDF4429-251A-416D-BB68-93F227191BCF}.Release|Any CPU.ActiveCfg = Release|Any CPU
		{8EDF4429-251A-416D-BB68-93F227191BCF}.Release|Any CPU.Build.0 = Release|Any CPU
		{5F440E70-3460-44D2-ACD2-9DDC32F69BCB}.Debug|Any CPU.ActiveCfg = Debug|Any CPU
		{5F440E70-3460-44D2-ACD2-9DDC32F69BCB}.Debug|Any CPU.Build.0 = Debug|Any CPU
		{5F440E70-3460-44D2-ACD2-9DDC32F69BCB}.Release|Any CPU.ActiveCfg = Release|Any CPU
		{5F440E70-3460-44D2-ACD2-9DDC32F69BCB}.Release|Any CPU.Build.0 = Release|Any CPU
	EndGlobalSection
	GlobalSection(SolutionProperties) = preSolution
		HideSolutionNode = FALSE
	EndGlobalSection
	GlobalSection(ExtensibilityGlobals) = postSolution
		SolutionGuid = {77941737-A2DA-44B2-88D2-0D188A784FC5}
	EndGlobalSection
EndGlobal
